{
  "name": "medsyntaxqa",
  "lockfileVersion": 3,
  "requires": true,
  "packages": {
    "": {
      "dependencies": {
        "iframe-resizer": "^5.5.9",
        "playwright": "^1.60.0"
      },
      "devDependencies": {
        "@playwright/test": "^1.60.0",
        "@types/node": "^25.9.1"
      }
    },
    "node_modules/@iframe-resizer/child": {
      "version": "5.5.9",
      "resolved": "https://registry.npmjs.org/@iframe-resizer/child/-/child-5.5.9.tgz",
      "integrity": "sha512-kX4GeGvlfu9S0XfDgSEy+O36q6qFz17kslLYdBT1evBTCK7Q3ETYtZMzVnHlB5PKc9co699kWEZbmpUGtE9IQw==",
      "license": "GPL-3.0",
      "dependencies": {
        "auto-console-group": "1.3.0"
      },
      "funding": {
        "type": "individual",
        "url": "https://iframe-resizer.com/pricing/"
      }
    },
    "node_modules/@iframe-resizer/core": {
      "version": "5.5.9",
      "resolved": "https://registry.npmjs.org/@iframe-resizer/core/-/core-5.5.9.tgz",
      "integrity": "sha512-HacDQx81pgHlmY48tRogcX02TOXfvjllJzI+xfVYmvEXhxoViyi9yEobhNQEt8Mq6NmrH1vHhz6FRfQ9uBTsjQ==",
      "license": "GPL-3.0",
      "dependencies": {
        "auto-console-group": "1.3.0"
      },
      "funding": {
        "type": "individual",
        "url": "https://iframe-resizer.com/pricing/"
      }
    },
    "node_modules/@iframe-resizer/jquery": {
      "version": "5.5.9",
      "resolved": "https://registry.npmjs.org/@iframe-resizer/jquery/-/jquery-5.5.9.tgz",
      "integrity": "sha512-ihGJOv7K3tWT+HjLRKcM+9USqo7B3nrN8J5YEBH1Br+45E36uKeUq0JSrPckv9TFdjB0Xqc+le2f33lfrsRuAg==",
      "license": "GPL-3.0",
      "dependencies": {
        "@iframe-resizer/core": "5.5.9"
      },
      "funding": {
        "type": "individual",
        "url": "https://iframe-resizer.com/pricing/"
      }
    },
    "node_modules/@iframe-resizer/parent": {
      "version": "5.5.9",
      "resolved": "https://registry.npmjs.org/@iframe-resizer/parent/-/parent-5.5.9.tgz",
      "integrity": "sha512-DfNb9KlOf7WyCNOM2xWPGxJfWtqA/gg7sjHvqvD4k6cfpntPXrKfCd3WdOPNKA980urGkhOdM9Ye0unV2gnYYw==",
      "license": "GPL-3.0",
      "dependencies": {
        "@iframe-resizer/core": "5.5.9",
        "auto-console-group": "1.3.0"
      },
      "funding": {
        "type": "individual",
        "url": "https://iframe-resizer.com/pricing/"
      }
    },
    "node_modules/@playwright/test": {
      "version": "1.60.0",
      "resolved": "https://registry.npmjs.org/@playwright/test/-/test-1.60.0.tgz",
      "integrity": "sha512-O71yZIbAh/PxDMNGns37GHBIfrVkEVyn+AXyIa5dOTfb4/xNvRWV+Vv/NMbNCtODB/pO7vLlF2OTmMVLhmr7Ag==",
      "dev": true,
      "license": "Apache-2.0",
      "dependencies": {
        "playwright": "1.60.0"
      },
      "bin": {
        "playwright": "cli.js"
      },
      "engines": {
        "node": ">=18"
      }
    },
    "node_modules/@types/node": {
      "version": "25.9.1",
      "resolved": "https://registry.npmjs.org/@types/node/-/node-25.9.1.tgz",
      "integrity": "sha512-xfrlY7UD5rMJk3ZVJP8BNzS28J36YJg+xp+LPXV1TdWxr8uMH5A860QNxYDGQe/ylDSgjxE52Q9VnO7p75tJxg==",
      "dev": true,
      "license": "MIT",
      "dependencies": {
        "undici-types": ">=7.24.0 <7.24.7"
      }
    },
    "node_modules/auto-console-group": {
      "version": "1.3.0",
      "resolved": "https://registry.npmjs.org/auto-console-group/-/auto-console-group-1.3.0.tgz",
      "integrity": "sha512-W/G5jy1ZPeVYPyqOVGND7EjbzrsLgRD3s+1QegXfJ7bYlphFxjqG60rviFXWw0d2YCj0Clc7hU5/nTqrBEhBIw==",
      "license": "MIT"
    },
    "node_modules/fsevents": {
      "version": "2.3.2",
      "resolved": "https://registry.npmjs.org/fsevents/-/fsevents-2.3.2.tgz",
      "integrity": "sha512-xiqMQR4xAeHTuB9uWm+fFRcIOgKBMiOBP+eXiyT7jsgVCq1bkVygt00oASowB7EdtpOHaaPgKt812P9ab+DDKA==",
      "hasInstallScript": true,
      "license": "MIT",
      "optional": true,
      "os": [
        "darwin"
      ],
      "engines": {
        "node": "^8.16.0 || ^10.6.0 || >=11.0.0"
      }
    },
    "node_modules/iframe-resizer": {
      "version": "5.5.9",
      "resolved": "https://registry.npmjs.org/iframe-resizer/-/iframe-resizer-5.5.9.tgz",
      "integrity": "sha512-PpzCs5rBzNJFa7agEw8Q46sxDy1SrRAZEznpqP9KxWeL6ea895Xlv90fVswozey7Jzldzi2eeNqg2FMZ0Lfjrw==",
      "license": "GPL-3.0",
      "dependencies": {
        "@iframe-resizer/child": "5.5.9",
        "@iframe-resizer/jquery": "5.5.9",
        "@iframe-resizer/parent": "5.5.9"
      },
      "funding": {
        "type": "individual",
        "url": "https://iframe-resizer.com/pricing/"
      }
    },
    "node_modules/playwright": {
      "version": "1.60.0",
      "resolved": "https://registry.npmjs.org/playwright/-/playwright-1.60.0.tgz",
      "integrity": "sha512-hheHdokM8cdqCb0lcE3s+zT4t4W+vvjpGxsZlDnikarzx8tSzMebh3UiFtgqwFwnTnjYQcsyMF8ei2mCO/tpeA==",
      "license": "Apache-2.0",
      "dependencies": {
        "playwright-core": "1.60.0"
      },
      "bin": {
        "playwright": "cli.js"
      },
      "engines": {
        "node": ">=18"
      },
      "optionalDependencies": {
        "fsevents": "2.3.2"
      }
    },
    "node_modules/playwright-core": {
      "version": "1.60.0",
      "resolved": "https://registry.npmjs.org/playwright-core/-/playwright-core-1.60.0.tgz",
      "integrity": "sha512-9bW6zvX/m0lEbgTKJ6YppOKx8H3VOPBMOCFh2irXFOT4BbHgrx5hPjwJYLT40Lu+4qtD36qKc/Hn56StUW57IA==",
      "license": "Apache-2.0",
      "bin": {
        "playwright-core": "cli.js"
      },
      "engines": {
        "node": ">=18"
      }
    },
    "node_modules/undici-types": {
      "version": "7.24.6",
      "resolved": "https://registry.npmjs.org/undici-types/-/undici-types-7.24.6.tgz",
      "integrity": "sha512-WRNW+sJgj5OBN4/0JpHFqtqzhpbnV0GuB+OozA9gCL7a993SmU+1JBZCzLNxYsbMfIeDL+lTsphD5jN5N+n0zg==",
      "dev": true,
      "license": "MIT"
    }
  }
}
